{
  "lockfileVersion": 1,
  "configVersion": 1,
  "workspaces": {
    "": {
      "name": "movistar-cloud-fuse",
      "dependencies": {
        "@cocalc/fuse-native": "^2.4.3",
        "application-config-path": "^1.0.0",
        "movistar-cloud": "link:movistar-cloud",
      },
      "devDependencies": {
        "@types/bun": "latest",
      },
      "peerDependencies": {
        "typescript": "^5",
      },
    },
  },
  "trustedDependencies": [
    "@cocalc/fuse-native",
  ],
  "patchedDependencies": {
    "@cocalc/fuse-native@2.4.3": "patches/@cocalc%2Ffuse-native@2.4.3.patch",
  },
  "packages": {
    "@cocalc/fuse-native": ["@cocalc/fuse-native@2.4.3", "", { "dependencies": { "nanoresource": "^1.3.0", "napi-macros": "^2.0.0", "node-gyp-build": "^4.8.0" }, "bin": { "fuse-native": "bin.js" } }, "sha512-oINV1aDDPHTZkIIjDFPMAGFypdoi2Vsy2OB+uPljIibcosRW/oTkDsfRUKFPcHgRx7qwVlQ4rcHH2T7mYsxTTw=="],

    "@types/bun": ["@types/bun@1.3.9", "", { "dependencies": { "bun-types": "1.3.9" } }, "sha512-KQ571yULOdWJiMH+RIWIOZ7B2RXQGpL1YQrBtLIV3FqDcCu6FsbFUBwhdKUlCKUpS3PJDsHlJ1QKlpxoVR+xtw=="],

    "@types/node": ["@types/node@25.3.0", "", { "dependencies": { "undici-types": "~7.18.0" } }, "sha512-4K3bqJpXpqfg2XKGK9bpDTc6xO/xoUP/RBWS7AtRMug6zZFaRekiLzjVtAoZMquxoAbzBvy5nxQ7veS5eYzf8A=="],

    "application-config-path": ["application-config-path@1.0.0", "", {}, "sha512-6ZDlLTlfqrTybVzZJDpX2K2ZufqyMyiTbOG06GpxmkmczFgTN+YYRGcTcMCXv/F5P5SrZijVjzzpPUE9BvheLg=="],

    "bun-types": ["bun-types@1.3.9", "", { "dependencies": { "@types/node": "*" } }, "sha512-+UBWWOakIP4Tswh0Bt0QD0alpTY8cb5hvgiYeWCMet9YukHbzuruIEeXC2D7nMJPB12kbh8C7XJykSexEqGKJg=="],

    "inherits": ["inherits@2.0.4", "", {}, "sha512-k/vGaX4/Yla3WzyMCvTQOXYeIHvqOKtnqBduzTHpzpQZzAskKMhZ2K+EnBiSM9zGSoIFeMpXKxa4dYeZIQqewQ=="],

    "movistar-cloud": ["movistar-cloud@link:movistar-cloud", {}],

    "nanoresource": ["nanoresource@1.3.0", "", { "dependencies": { "inherits": "^2.0.4" } }, "sha512-OI5dswqipmlYfyL3k/YMm7mbERlh4Bd1KuKdMHpeoVD1iVxqxaTMKleB4qaA2mbQZ6/zMNSxCXv9M9P/YbqTuQ=="],

    "napi-macros": ["napi-macros@2.2.2", "", {}, "sha512-hmEVtAGYzVQpCKdbQea4skABsdXW4RUh5t5mJ2zzqowJS2OyXZTU1KhDVFhx+NlWZ4ap9mqR9TcDO3LTTttd+g=="],

    "node-gyp-build": ["node-gyp-build@4.8.4", "", { "bin": { "node-gyp-build": "bin.js", "node-gyp-build-optional": "optional.js", "node-gyp-build-test": "build-test.js" } }, "sha512-LA4ZjwlnUblHVgq0oBF3Jl/6h/Nvs5fzBLwdEF4nuxnFdsfajde4WfxtJr3CaiH+F6ewcIB/q4jQ4UzPyid+CQ=="],

    "typescript": ["typescript@5.9.3", "", { "bin": { "tsc": "bin/tsc", "tsserver": "bin/tsserver" } }, "sha512-jl1vZzPDinLr9eUt3J/t7V6FgNEw9QjvBPdysz9KfQDD41fQrC2Y4vKQdiaUpFT4bXlb1RHhLpp8wtm6M5TgSw=="],

    "undici-types": ["undici-types@7.18.2", "", {}, "sha512-AsuCzffGHJybSaRrmr5eHr81mwJU3kjw6M+uprWvCXiNeN9SOGwQ3Jn8jb8m3Z6izVgknn1R0FTCEAP2QrLY/w=="],
  }
}
